
Microsoft Visual Studio Solution File, Format Version 12.00
# Visual Studio 15
VisualStudioVersion = 15.0.26114.2
MinimumVisualStudioVersion = 10.0.40219.1
Project("{2150E333-8FDC-42A3-9474-1A3956D46DE8}") = "src", "src", "{15DEFAC2-FED2-4BB5-A28A-5075784FDB23}"
EndProject
Project("{FAE04EC0-301F-11D3-BF4B-00C04F79EFBC}") = "DotQuery.Core", "src\DotQuery.Core\DotQuery.Core.csproj", "{F3FCE2CD-C6CB-4F0E-82F6-B53F287D7542}"
EndProject
Project("{FAE04EC0-301F-11D3-BF4B-00C04F79EFBC}") = "DotQuery.Extensions", "src\DotQuery.Extensions\DotQuery.Extensions.csproj", "{D317409D-1C89-4C7B-A177-0BC0BE6E259D}"
EndProject
Project("{2150E333-8FDC-42A3-9474-1A3956D46DE8}") = "test", "test", "{C4240D33-C5D0-45BD-A3D2-284E3C6C9B8A}"
EndProject
Project("{FAE04EC0-301F-11D3-BF4B-00C04F79EFBC}") = "DotQuery.Core.Test", "test\DotQuery.Core.Test\DotQuery.Core.Test.csproj", "{65600EDD-13FC-4D1D-A24D-51BC5C24BE11}"
EndProject
Global
	GlobalSection(SolutionConfigurationPlatforms) = preSolution
		Debug|Any CPU = Debug|Any CPU
		Release|Any CPU = Release|Any CPU
	EndGlobalSection
	GlobalSection(ProjectConfigurationPlatforms) = postSolution
		{F3FCE2CD-C6CB-4F0E-82F6-B53F287D7542}.Debug|Any CPU.ActiveCfg = Debug|Any CPU
		{F3FCE2CD-C6CB-4F0E-82F6-B53F287D7542}.Debug|Any CPU.Build.0 = Debug|Any CPU
		{F3FCE2CD-C6CB-4F0E-82F6-B53F287D7542}.Release|Any CPU.ActiveCfg = Release|Any CPU
		{F3FCE2CD-C6CB-4F0E-82F6-B53F287D7542}.Release|Any CPU.Build.0 = Release|Any CPU
		{D317409D-1C89-4C7B-A177-0BC0BE6E259D}.Debug|Any CPU.ActiveCfg = Debug|Any CPU
		{D317409D-1C89-4C7B-A177-0BC0BE6E259D}.Debug|Any CPU.Build.0 = Debug|Any CPU
		{D317409D-1C89-4C7B-A177-0BC0BE6E259D}.Release|Any CPU.ActiveCfg = Release|Any CPU
		{D317409D-1C89-4C7B-A177-0BC0BE6E259D}.Release|Any CPU.Build.0 = Release|Any CPU
		{65600EDD-13FC-4D1D-A24D-51BC5C24BE11}.Debug|Any CPU.ActiveCfg = Debug|Any CPU
		{65600EDD-13FC-4D1D-A24D-51BC5C24BE11}.Debug|Any CPU.Build.0 = Debug|Any CPU
		{65600EDD-13FC-4D1D-A24D-51BC5C24BE11}.Release|Any CPU.ActiveCfg = Release|Any CPU
		{65600EDD-13FC-4D1D-A24D-51BC5C24BE11}.Release|Any CPU.Build.0 = Release|Any CPU
	EndGlobalSection
	GlobalSection(SolutionProperties) = preSolution
		HideSolutionNode = FALSE
	EndGlobalSection
	GlobalSection(NestedProjects) = preSolution
		{F3FCE2CD-C6CB-4F0E-82F6-B53F287D7542} = {15DEFAC2-FED2-4BB5-A28A-5075784FDB23}
		{D317409D-1C89-4C7B-A177-0BC0BE6E259D} = {15DEFAC2-FED2-4BB5-A28A-5075784FDB23}
		{65600EDD-13FC-4D1D-A24D-51BC5C24BE11} = {C4240D33-C5D0-45BD-A3D2-284E3C6C9B8A}
	EndGlobalSection
EndGlobal
