
Microsoft Visual Studio Solution File, Format Version 12.00
# Visual Studio 2012
Project("{FAE04EC0-301F-11D3-BF4B-00C04F79EFBC}") = "DotQuery.Core", "DotQuery.Core\DotQuery.Core.csproj", "{5D61860B-F376-4B19-8DCA-F4BD890C161B}"
EndProject
Project("{FAE04EC0-301F-11D3-BF4B-00C04F79EFBC}") = "DotQuery.Core.Portable", "DotQuery.Core.Portable\DotQuery.Core.Portable.csproj", "{160F3728-5C63-4724-B25C-D2CB3BA211A8}"
EndProject
Project("{2150E333-8FDC-42A3-9474-1A3956D46DE8}") = "Nuget", "Nuget", "{531E5D07-2C45-44F8-BE1B-0B6C3F43BB26}"
	ProjectSection(SolutionItems) = preProject
		DotQuery.Core.nuspec = DotQuery.Core.nuspec
	EndProjectSection
EndProject
Project("{FAE04EC0-301F-11D3-BF4B-00C04F79EFBC}") = "DotQuery.Core.Test", "DotQuery.Core.Test\DotQuery.Core.Test.csproj", "{E89AA03D-C960-4D33-8A86-3BE8EB1B380F}"
EndProject
Project("{2150E333-8FDC-42A3-9474-1A3956D46DE8}") = "Solution Items", "Solution Items", "{84C89726-B353-41FA-854A-DF33B8FA18EA}"
	ProjectSection(SolutionItems) = preProject
		DotQuery.vsmdi = DotQuery.vsmdi
		DotQueryTestSettings.testsettings = DotQueryTestSettings.testsettings
	EndProjectSection
EndProject
Project("{FAE04EC0-301F-11D3-BF4B-00C04F79EFBC}") = "DotQuery.Extensions", "DotQuery.Extensions\DotQuery.Extensions.csproj", "{00EFFC31-3533-412E-B679-1624539753D0}"
EndProject
Project("{FAE04EC0-301F-11D3-BF4B-00C04F79EFBC}") = "DotQuery.Extensions.Net4", "DotQuery.Extensions.Net4\DotQuery.Extensions.Net4.csproj", "{2BC21E56-E559-4B24-9A14-27F391BB4801}"
EndProject
Project("{FAE04EC0-301F-11D3-BF4B-00C04F79EFBC}") = "DotQuery.Extensions.Portable", "DotQuery.Extensions.Portable\DotQuery.Extensions.Portable.csproj", "{9A8DFBEC-291D-4E2D-BDA4-01796E3314DA}"
EndProject
Global
	GlobalSection(TestCaseManagementSettings) = postSolution
		CategoryFile = DotQuery.vsmdi
	EndGlobalSection
	GlobalSection(SolutionConfigurationPlatforms) = preSolution
		Debug|Any CPU = Debug|Any CPU
		Release|Any CPU = Release|Any CPU
	EndGlobalSection
	GlobalSection(ProjectConfigurationPlatforms) = postSolution
		{5D61860B-F376-4B19-8DCA-F4BD890C161B}.Debug|Any CPU.ActiveCfg = Debug|Any CPU
		{5D61860B-F376-4B19-8DCA-F4BD890C161B}.Debug|Any CPU.Build.0 = Debug|Any CPU
		{5D61860B-F376-4B19-8DCA-F4BD890C161B}.Release|Any CPU.ActiveCfg = Release|Any CPU
		{5D61860B-F376-4B19-8DCA-F4BD890C161B}.Release|Any CPU.Build.0 = Release|Any CPU
		{160F3728-5C63-4724-B25C-D2CB3BA211A8}.Debug|Any CPU.ActiveCfg = Debug|Any CPU
		{160F3728-5C63-4724-B25C-D2CB3BA211A8}.Debug|Any CPU.Build.0 = Debug|Any CPU
		{160F3728-5C63-4724-B25C-D2CB3BA211A8}.Release|Any CPU.ActiveCfg = Release|Any CPU
		{160F3728-5C63-4724-B25C-D2CB3BA211A8}.Release|Any CPU.Build.0 = Release|Any CPU
		{E89AA03D-C960-4D33-8A86-3BE8EB1B380F}.Debug|Any CPU.ActiveCfg = Debug|Any CPU
		{E89AA03D-C960-4D33-8A86-3BE8EB1B380F}.Debug|Any CPU.Build.0 = Debug|Any CPU
		{E89AA03D-C960-4D33-8A86-3BE8EB1B380F}.Release|Any CPU.ActiveCfg = Release|Any CPU
		{E89AA03D-C960-4D33-8A86-3BE8EB1B380F}.Release|Any CPU.Build.0 = Release|Any CPU
		{00EFFC31-3533-412E-B679-1624539753D0}.Debug|Any CPU.ActiveCfg = Debug|Any CPU
		{00EFFC31-3533-412E-B679-1624539753D0}.Debug|Any CPU.Build.0 = Debug|Any CPU
		{00EFFC31-3533-412E-B679-1624539753D0}.Release|Any CPU.ActiveCfg = Release|Any CPU
		{00EFFC31-3533-412E-B679-1624539753D0}.Release|Any CPU.Build.0 = Release|Any CPU
		{2BC21E56-E559-4B24-9A14-27F391BB4801}.Debug|Any CPU.ActiveCfg = Debug|Any CPU
		{2BC21E56-E559-4B24-9A14-27F391BB4801}.Debug|Any CPU.Build.0 = Debug|Any CPU
		{2BC21E56-E559-4B24-9A14-27F391BB4801}.Release|Any CPU.ActiveCfg = Release|Any CPU
		{2BC21E56-E559-4B24-9A14-27F391BB4801}.Release|Any CPU.Build.0 = Release|Any CPU
		{9A8DFBEC-291D-4E2D-BDA4-01796E3314DA}.Debug|Any CPU.ActiveCfg = Debug|Any CPU
		{9A8DFBEC-291D-4E2D-BDA4-01796E3314DA}.Debug|Any CPU.Build.0 = Debug|Any CPU
		{9A8DFBEC-291D-4E2D-BDA4-01796E3314DA}.Release|Any CPU.ActiveCfg = Release|Any CPU
		{9A8DFBEC-291D-4E2D-BDA4-01796E3314DA}.Release|Any CPU.Build.0 = Release|Any CPU
	EndGlobalSection
	GlobalSection(SolutionProperties) = preSolution
		HideSolutionNode = FALSE
	EndGlobalSection
EndGlobal
